<?xml version="1.0" encoding="utf-8"?>
<Project ToolsVersion="4.0" xmlns="http://schemas.microsoft.com/developer/msbuild/2003">
  <ItemGroup>
    <Filter Include="源文件">
      <UniqueIdentifier>{4FC737F1-C7A5-4376-A066-2A32D752A2FF}</UniqueIdentifier>
      <Extensions>cpp;c;cc;cxx;def;odl;idl;hpj;bat;asm;asmx</Extensions>
    </Filter>
    <Filter Include="头文件">
      <UniqueIdentifier>{93995380-89BD-4b04-88EB-625FBE52EBFB}</UniqueIdentifier>
      <Extensions>h;hpp;hxx;hm;inl;inc;xsd</Extensions>
    </Filter>
    <Filter Include="资源文件">
      <UniqueIdentifier>{67DA6AB6-F800-4c08-8B7A-83BB121AAD01}</UniqueIdentifier>
      <Extensions>rc;ico;cur;bmp;dlg;rc2;rct;bin;rgs;gif;jpg;jpeg;jpe;resx;tiff;tif;png;wav;mfcribbon-ms</Extensions>
    </Filter>
  </ItemGroup>
  <ItemGroup>
    <ClCompile Include="source.cpp">
      <Filter>源文件</Filter>
    </ClCompile>
    <ClCompile Include="MemoryModule.cpp">
      <Filter>源文件</Filter>
    </ClCompile>
    <ClCompile Include="Cooolis-ExternalC2.cpp">
      <Filter>源文件</Filter>
    </ClCompile>
    <ClCompile Include="Cooolis-msf.cpp">
      <Filter>源文件</Filter>
    </ClCompile>
    <ClCompile Include="Cooolis-Http.cpp">
      <Filter>源文件</Filter>
    </ClCompile>
    <ClCompile Include="Cooolis-Reflective.cpp">
      <Filter>源文件</Filter>
    </ClCompile>
    <ClCompile Include="Cooolis-Shellcode.cpp">
      <Filter>源文件</Filter>
    </ClCompile>
    <ClCompile Include="Cooolis-String.cpp">
      <Filter>源文件</Filter>
    </ClCompile>
    <ClCompile Include="Kernel32-Import.cpp">
      <Filter>源文件</Filter>
    </ClCompile>
  </ItemGroup>
  <ItemGroup>
    <ClInclude Include="MemoryModule.h">
      <Filter>头文件</Filter>
    </ClInclude>
    <ClInclude Include="CLI11.hpp">
      <Filter>头文件</Filter>
    </ClInclude>
    <ClInclude Include="Cooolis-ExternalC2.h">
      <Filter>头文件</Filter>
    </ClInclude>
    <ClInclude Include="Cooolis-msf.h">
      <Filter>头文件</Filter>
    </ClInclude>
    <ClInclude Include="rang.hpp">
      <Filter>头文件</Filter>
    </ClInclude>
    <ClInclude Include="Cooolis-Http.h">
      <Filter>头文件</Filter>
    </ClInclude>
    <ClInclude Include="Cooolis-Reflective.h">
      <Filter>头文件</Filter>
    </ClInclude>
    <ClInclude Include="Cooolis-Shellcode.h">
      <Filter>头文件</Filter>
    </ClInclude>
    <ClInclude Include="Cooolis-String.h">
      <Filter>头文件</Filter>
    </ClInclude>
    <ClInclude Include="Kernel32-Import.h">
      <Filter>头文件</Filter>
    </ClInclude>
  </ItemGroup>
</Project>